
Microsoft Visual Studio Solution File, Format Version 12.00
# Visual Studio Version 16
VisualStudioVersion = 16.0.30621.155
MinimumVisualStudioVersion = 10.0.40219.1
Project("{FAE04EC0-301F-11D3-BF4B-00C04F79EFBC}") = "WpfPagination", "WpfPagination\WpfPagination.csproj", "{8908881F-201A-48EA-90CC-DB4FFE0E6AF6}"
EndProject
Global
	GlobalSection(SolutionConfigurationPlatforms) = preSolution
		Debug|Any CPU = Debug|Any CPU
		Release|Any CPU = Release|Any CPU
	EndGlobalSection
	GlobalSection(ProjectConfigurationPlatforms) = postSolution
		{8908881F-201A-48EA-90CC-DB4FFE0E6AF6}.Debug|Any CPU.ActiveCfg = Debug|Any CPU
		{8908881F-201A-48EA-90CC-DB4FFE0E6AF6}.Debug|Any CPU.Build.0 = Debug|Any CPU
		{8908881F-201A-48EA-90CC-DB4FFE0E6AF6}.Release|Any CPU.ActiveCfg = Release|Any CPU
		{8908881F-201A-48EA-90CC-DB4FFE0E6AF6}.Release|Any CPU.Build.0 = Release|Any CPU
	EndGlobalSection
	GlobalSection(SolutionProperties) = preSolution
		HideSolutionNode = FALSE
	EndGlobalSection
	GlobalSection(ExtensibilityGlobals) = postSolution
		SolutionGuid = {6A5899B9-67DA-421C-9233-AAADC60AC655}
	EndGlobalSection
EndGlobal
